
Microsoft Visual Studio Solution File, Format Version 12.00
# Visual Studio Version 16
VisualStudioVersion = 16.0.30114.105
MinimumVisualStudioVersion = 10.0.40219.1
Project("{FAE04EC0-301F-11D3-BF4B-00C04F79EFBC}") = "Blurhash.Microsoft.Extensions.SkiaSharp", "Blurhash.Microsoft.Extensions.SkiaSharp\Blurhash.Microsoft.Extensions.SkiaSharp.csproj", "{7A50577C-63AB-4E54-BC8F-AF87DC028D0B}"
EndProject
Project("{FAE04EC0-301F-11D3-BF4B-00C04F79EFBC}") = "Blurhash.SkiaSharp", "Blurhash.SkiaSharp\Blurhash.SkiaSharp.csproj", "{350C68FD-C274-4597-8D48-B9074234A997}"
EndProject
Global
	GlobalSection(SolutionConfigurationPlatforms) = preSolution
		Debug|Any CPU = Debug|Any CPU
		Release|Any CPU = Release|Any CPU
	EndGlobalSection
	GlobalSection(SolutionProperties) = preSolution
		HideSolutionNode = FALSE
	EndGlobalSection
	GlobalSection(ProjectConfigurationPlatforms) = postSolution
		{7A50577C-63AB-4E54-BC8F-AF87DC028D0B}.Debug|Any CPU.ActiveCfg = Debug|Any CPU
		{7A50577C-63AB-4E54-BC8F-AF87DC028D0B}.Debug|Any CPU.Build.0 = Debug|Any CPU
		{7A50577C-63AB-4E54-BC8F-AF87DC028D0B}.Release|Any CPU.ActiveCfg = Release|Any CPU
		{7A50577C-63AB-4E54-BC8F-AF87DC028D0B}.Release|Any CPU.Build.0 = Release|Any CPU
		{350C68FD-C274-4597-8D48-B9074234A997}.Debug|Any CPU.ActiveCfg = Debug|Any CPU
		{350C68FD-C274-4597-8D48-B9074234A997}.Debug|Any CPU.Build.0 = Debug|Any CPU
		{350C68FD-C274-4597-8D48-B9074234A997}.Release|Any CPU.ActiveCfg = Release|Any CPU
		{350C68FD-C274-4597-8D48-B9074234A997}.Release|Any CPU.Build.0 = Release|Any CPU
	EndGlobalSection
EndGlobal
